// !$*UTF8*$!
{
	archiveVersion = 1;
	classes = {
	};
	objectVersion = 55;
	objects = {

/* Begin PBXBuildFile section */
		F30653422A2DEA5300AEB416 /* WanAndroid_SwiftUIApp.swift in Sources */ = {isa = PBXBuildFile; fileRef = F30653412A2DEA5300AEB416 /* WanAndroid_SwiftUIApp.swift */; };
		F30653462A2DEA5500AEB416 /* Assets.xcassets in Resources */ = {isa = PBXBuildFile; fileRef = F30653452A2DEA5500AEB416 /* Assets.xcassets */; };
		F30653492A2DEA5500AEB416 /* Preview Assets.xcassets in Resources */ = {isa = PBXBuildFile; fileRef = F30653482A2DEA5500AEB416 /* Preview Assets.xcassets */; };
		F3D56EA22A36CC4D008876F0 /* HomeView.swift in Sources */ = {isa = PBXBuildFile; fileRef = F3D56E972A36CC4D008876F0 /* HomeView.swift */; };
		F3D56EA32A36CC4D008876F0 /* NavigationView.swift in Sources */ = {isa = PBXBuildFile; fileRef = F3D56E992A36CC4D008876F0 /* NavigationView.swift */; };
		F3D56EA42A36CC4D008876F0 /* TabBarView.swift in Sources */ = {isa = PBXBuildFile; fileRef = F3D56E9B2A36CC4D008876F0 /* TabBarView.swift */; };
		F3D56EA52A36CC4D008876F0 /* MessageView.swift in Sources */ = {isa = PBXBuildFile; fileRef = F3D56E9D2A36CC4D008876F0 /* MessageView.swift */; };
		F3D56EA62A36CC4D008876F0 /* ProjectView.swift in Sources */ = {isa = PBXBuildFile; fileRef = F3D56E9F2A36CC4D008876F0 /* ProjectView.swift */; };
		F3D56EA72A36CC4D008876F0 /* MeView.swift in Sources */ = {isa = PBXBuildFile; fileRef = F3D56EA12A36CC4D008876F0 /* MeView.swift */; };
/* End PBXBuildFile section */

/* Begin PBXFileReference section */
		F306533E2A2DEA5300AEB416 /* WanAndroid_SwiftUI.app */ = {isa = PBXFileReference; explicitFileType = wrapper.application; includeInIndex = 0; path = WanAndroid_SwiftUI.app; sourceTree = BUILT_PRODUCTS_DIR; };
		F30653412A2DEA5300AEB416 /* WanAndroid_SwiftUIApp.swift */ = {isa = PBXFileReference; lastKnownFileType = sourcecode.swift; path = WanAndroid_SwiftUIApp.swift; sourceTree = "<group>"; };
		F30653432A2DEA5300AEB416 /* ContentView.swift */ = {isa = PBXFileReference; lastKnownFileType = sourcecode.swift; path = ContentView.swift; sourceTree = "<group>"; };
		F30653452A2DEA5500AEB416 /* Assets.xcassets */ = {isa = PBXFileReference; lastKnownFileType = folder.assetcatalog; path = Assets.xcassets; sourceTree = "<group>"; };
		F30653482A2DEA5500AEB416 /* Preview Assets.xcassets */ = {isa = PBXFileReference; lastKnownFileType = folder.assetcatalog; path = "Preview Assets.xcassets"; sourceTree = "<group>"; };
		F3D56E972A36CC4D008876F0 /* HomeView.swift */ = {isa = PBXFileReference; fileEncoding = 4; lastKnownFileType = sourcecode.swift; path = HomeView.swift; sourceTree = "<group>"; };
		F3D56E992A36CC4D008876F0 /* NavigationView.swift */ = {isa = PBXFileReference; fileEncoding = 4; lastKnownFileType = sourcecode.swift; path = NavigationView.swift; sourceTree = "<group>"; };
		F3D56E9B2A36CC4D008876F0 /* TabBarView.swift */ = {isa = PBXFileReference; fileEncoding = 4; lastKnownFileType = sourcecode.swift; path = TabBarView.swift; sourceTree = "<group>"; };
		F3D56E9D2A36CC4D008876F0 /* MessageView.swift */ = {isa = PBXFileReference; fileEncoding = 4; lastKnownFileType = sourcecode.swift; path = MessageView.swift; sourceTree = "<group>"; };
		F3D56E9F2A36CC4D008876F0 /* ProjectView.swift */ = {isa = PBXFileReference; fileEncoding = 4; lastKnownFileType = sourcecode.swift; path = ProjectView.swift; sourceTree = "<group>"; };
		F3D56EA12A36CC4D008876F0 /* MeView.swift */ = {isa = PBXFileReference; fileEncoding = 4; lastKnownFileType = sourcecode.swift; path = MeView.swift; sourceTree = "<group>"; };
/* End PBXFileReference section */

/* Begin PBXFrameworksBuildPhase section */
		F306533B2A2DEA5300AEB416 /* Frameworks */ = {
			isa = PBXFrameworksBuildPhase;
			buildActionMask = 2147483647;
			files = (
			);
			runOnlyForDeploymentPostprocessing = 0;
		};
/* End PBXFrameworksBuildPhase section */

/* Begin PBXGroup section */
		F30653352A2DEA5300AEB416 = {
			isa = PBXGroup;
			children = (
				F30653402A2DEA5300AEB416 /* WanAndroid_SwiftUI */,
				F306533F2A2DEA5300AEB416 /* Products */,
			);
			sourceTree = "<group>";
		};
		F306533F2A2DEA5300AEB416 /* Products */ = {
			isa = PBXGroup;
			children = (
				F306533E2A2DEA5300AEB416 /* WanAndroid_SwiftUI.app */,
			);
			name = Products;
			sourceTree = "<group>";
		};
		F30653402A2DEA5300AEB416 /* WanAndroid_SwiftUI */ = {
			isa = PBXGroup;
			children = (
				F3D56E952A36CC4D008876F0 /* Content */,
				F30653412A2DEA5300AEB416 /* WanAndroid_SwiftUIApp.swift */,
				F30653432A2DEA5300AEB416 /* ContentView.swift */,
				F30653452A2DEA5500AEB416 /* Assets.xcassets */,
				F30653472A2DEA5500AEB416 /* Preview Content */,
			);
			path = WanAndroid_SwiftUI;
			sourceTree = "<group>";
		};
		F30653472A2DEA5500AEB416 /* Preview Content */ = {
			isa = PBXGroup;
			children = (
				F30653482A2DEA5500AEB416 /* Preview Assets.xcassets */,
			);
			path = "Preview Content";
			sourceTree = "<group>";
		};
		F3D56E952A36CC4D008876F0 /* Content */ = {
			isa = PBXGroup;
			children = (
				F3D56E962A36CC4D008876F0 /* Home */,
				F3D56E982A36CC4D008876F0 /* Navigation */,
				F3D56E9A2A36CC4D008876F0 /* TabBar */,
				F3D56E9C2A36CC4D008876F0 /* Message */,
				F3D56E9E2A36CC4D008876F0 /* Project */,
				F3D56EA02A36CC4D008876F0 /* Me */,
			);
			path = Content;
			sourceTree = "<group>";
		};
		F3D56E962A36CC4D008876F0 /* Home */ = {
			isa = PBXGroup;
			children = (
				F3D56E972A36CC4D008876F0 /* HomeView.swift */,
			);
			path = Home;
			sourceTree = "<group>";
		};
		F3D56E982A36CC4D008876F0 /* Navigation */ = {
			isa = PBXGroup;
			children = (
				F3D56E992A36CC4D008876F0 /* NavigationView.swift */,
			);
			path = Navigation;
			sourceTree = "<group>";
		};
		F3D56E9A2A36CC4D008876F0 /* TabBar */ = {
			isa = PBXGroup;
			children = (
				F3D56E9B2A36CC4D008876F0 /* TabBarView.swift */,
			);
			path = TabBar;
			sourceTree = "<group>";
		};
		F3D56E9C2A36CC4D008876F0 /* Message */ = {
			isa = PBXGroup;
			children = (
				F3D56E9D2A36CC4D008876F0 /* MessageView.swift */,
			);
			path = Message;
			sourceTree = "<group>";
		};
		F3D56E9E2A36CC4D008876F0 /* Project */ = {
			isa = PBXGroup;
			children = (
				F3D56E9F2A36CC4D008876F0 /* ProjectView.swift */,
			);
			path = Project;
			sourceTree = "<group>";
		};
		F3D56EA02A36CC4D008876F0 /* Me */ = {
			isa = PBXGroup;
			children = (
				F3D56EA12A36CC4D008876F0 /* MeView.swift */,
			);
			path = Me;
			sourceTree = "<group>";
		};
/* End PBXGroup section */

/* Begin PBXNativeTarget section */
		F306533D2A2DEA5300AEB416 /* WanAndroid_SwiftUI */ = {
			isa = PBXNativeTarget;
			buildConfigurationList = F306534C2A2DEA5500AEB416 /* Build configuration list for PBXNativeTarget "WanAndroid_SwiftUI" */;
			buildPhases = (
				F306533A2A2DEA5300AEB416 /* Sources */,
				F306533B2A2DEA5300AEB416 /* Frameworks */,
				F306533C2A2DEA5300AEB416 /* Resources */,
			);
			buildRules = (
			);
			dependencies = (
			);
			name = WanAndroid_SwiftUI;
			productName = WanAndroid_SwiftUI;
			productReference = F306533E2A2DEA5300AEB416 /* WanAndroid_SwiftUI.app */;
			productType = "com.apple.product-type.application";
		};
/* End PBXNativeTarget section */

/* Begin PBXProject section */
		F30653362A2DEA5300AEB416 /* Project object */ = {
			isa = PBXProject;
			attributes = {
				BuildIndependentTargetsInParallel = 1;
				LastSwiftUpdateCheck = 1430;
				LastUpgradeCheck = 1430;
				TargetAttributes = {
					F306533D2A2DEA5300AEB416 = {
						CreatedOnToolsVersion = 14.3.1;
					};
				};
			};
			buildConfigurationList = F30653392A2DEA5300AEB416 /* Build configuration list for PBXProject "WanAndroid_SwiftUI" */;
			compatibilityVersion = "Xcode 13.0";
			developmentRegion = en;
			hasScannedForEncodings = 0;
			knownRegions = (
				en,
				Base,
			);
			mainGroup = F30653352A2DEA5300AEB416;
			productRefGroup = F306533F2A2DEA5300AEB416 /* Products */;
			projectDirPath = "";
			projectRoot = "";
			targets = (
				F306533D2A2DEA5300AEB416 /* WanAndroid_SwiftUI */,
			);
		};
/* End PBXProject section */

/* Begin PBXResourcesBuildPhase section */
		F306533C2A2DEA5300AEB416 /* Resources */ = {
			isa = PBXResourcesBuildPhase;
			buildActionMask = 2147483647;
			files = (
				F30653492A2DEA5500AEB416 /* Preview Assets.xcassets in Resources */,
				F30653462A2DEA5500AEB416 /* Assets.xcassets in Resources */,
			);
			runOnlyForDeploymentPostprocessing = 0;
		};
/* End PBXResourcesBuildPhase section */

/* Begin PBXSourcesBuildPhase section */
		F306533A2A2DEA5300AEB416 /* Sources */ = {
			isa = PBXSourcesBuildPhase;
			buildActionMask = 2147483647;
			files = (
				F3D56EA72A36CC4D008876F0 /* MeView.swift in Sources */,
				F3D56EA62A36CC4D008876F0 /* ProjectView.swift in Sources */,
				F30653422A2DEA5300AEB416 /* WanAndroid_SwiftUIApp.swift in Sources */,
				F3D56EA32A36CC4D008876F0 /* NavigationView.swift in Sources */,
				F3D56EA42A36CC4D008876F0 /* TabBarView.swift in Sources */,
				F3D56EA22A36CC4D008876F0 /* HomeView.swift in Sources */,
				F3D56EA52A36CC4D008876F0 /* MessageView.swift in Sources */,
			);
			runOnlyForDeploymentPostprocessing = 0;
		};
/* End PBXSourcesBuildPhase section */

/* Begin XCBuildConfiguration section */
		F306534A2A2DEA5500AEB416 /* Debug */ = {
			isa = XCBuildConfiguration;
			buildSettings = {
				ALWAYS_SEARCH_USER_PATHS = NO;
				CLANG_ANALYZER_NONNULL = YES;
				CLANG_ANALYZER_NUMBER_OBJECT_CONVERSION = YES_AGGRESSIVE;
				CLANG_CXX_LANGUAGE_STANDARD = "gnu++20";
				CLANG_ENABLE_MODULES = YES;
				CLANG_ENABLE_OBJC_ARC = YES;
				CLANG_ENABLE_OBJC_WEAK = YES;
				CLANG_WARN_BLOCK_CAPTURE_AUTORELEASING = YES;
				CLANG_WARN_BOOL_CONVERSION = YES;
				CLANG_WARN_COMMA = YES;
				CLANG_WARN_CONSTANT_CONVERSION = YES;
				CLANG_WARN_DEPRECATED_OBJC_IMPLEMENTATIONS = YES;
				CLANG_WARN_DIRECT_OBJC_ISA_USAGE = YES_ERROR;
				CLANG_WARN_DOCUMENTATION_COMMENTS = YES;
				CLANG_WARN_EMPTY_BODY = YES;
				CLANG_WARN_ENUM_CONVERSION = YES;
				CLANG_WARN_INFINITE_RECURSION = YES;
				CLANG_WARN_INT_CONVERSION = YES;
				CLANG_WARN_NON_LITERAL_NULL_CONVERSION = YES;
				CLANG_WARN_OBJC_IMPLICIT_RETAIN_SELF = YES;
				CLANG_WARN_OBJC_LITERAL_CONVERSION = YES;
				CLANG_WARN_OBJC_ROOT_CLASS = YES_ERROR;
				CLANG_WARN_QUOTED_INCLUDE_IN_FRAMEWORK_HEADER = YES;
				CLANG_WARN_RANGE_LOOP_ANALYSIS = YES;
				CLANG_WARN_STRICT_PROTOTYPES = YES;
				CLANG_WARN_SUSPICIOUS_MOVE = YES;
				CLANG_WARN_UNGUARDED_AVAILABILITY = YES_AGGRESSIVE;
				CLANG_WARN_UNREACHABLE_CODE = YES;
				CLANG_WARN__DUPLICATE_METHOD_MATCH = YES;
				COPY_PHASE_STRIP = NO;
				DEBUG_INFORMATION_FORMAT = dwarf;
				ENABLE_STRICT_OBJC_MSGSEND = YES;
				ENABLE_TESTABILITY = YES;
				GCC_C_LANGUAGE_STANDARD = gnu11;
				GCC_DYNAMIC_NO_PIC = NO;
				GCC_NO_COMMON_BLOCKS = YES;
				GCC_OPTIMIZATION_LEVEL = 0;
				GCC_PREPROCESSOR_DEFINITIONS = (
					"DEBUG=1",
					"$(inherited)",
				);
				GCC_WARN_64_TO_32_BIT_CONVERSION = YES;
				GCC_WARN_ABOUT_RETURN_TYPE = YES_ERROR;
				GCC_WARN_UNDECLARED_SELECTOR = YES;
				GCC_WARN_UNINITIALIZED_AUTOS = YES_AGGRESSIVE;
				GCC_WARN_UNUSED_FUNCTION = YES;
				GCC_WARN_UNUSED_VARIABLE = YES;
				IPHONEOS_DEPLOYMENT_TARGET = 16.4;
				MTL_ENABLE_DEBUG_INFO = INCLUDE_SOURCE;
				MTL_FAST_MATH = YES;
				ONLY_ACTIVE_ARCH = YES;
				SDKROOT = iphoneos;
				SWIFT_ACTIVE_COMPILATION_CONDITIONS = DEBUG;
				SWIFT_OPTIMIZATION_LEVEL = "-Onone";
			};
			name = Debug;
		};
		F306534B2A2DEA5500AEB416 /* Release */ = {
			isa = XCBuildConfiguration;
			buildSettings = {
				ALWAYS_SEARCH_USER_PATHS = NO;
				CLANG_ANALYZER_NONNULL = YES;
				CLANG_ANALYZER_NUMBER_OBJECT_CONVERSION = YES_AGGRESSIVE;
				CLANG_CXX_LANGUAGE_STANDARD = "gnu++20";
				CLANG_ENABLE_MODULES = YES;
				CLANG_ENABLE_OBJC_ARC = YES;
				CLANG_ENABLE_OBJC_WEAK = YES;
				CLANG_WARN_BLOCK_CAPTURE_AUTORELEASING = YES;
				CLANG_WARN_BOOL_CONVERSION = YES;
				CLANG_WARN_COMMA = YES;
				CLANG_WARN_CONSTANT_CONVERSION = YES;
				CLANG_WARN_DEPRECATED_OBJC_IMPLEMENTATIONS = YES;
				CLANG_WARN_DIRECT_OBJC_ISA_USAGE = YES_ERROR;
				CLANG_WARN_DOCUMENTATION_COMMENTS = YES;
				CLANG_WARN_EMPTY_BODY = YES;
				CLANG_WARN_ENUM_CONVERSION = YES;
				CLANG_WARN_INFINITE_RECURSION = YES;
				CLANG_WARN_INT_CONVERSION = YES;
				CLANG_WARN_NON_LITERAL_NULL_CONVERSION = YES;
				CLANG_WARN_OBJC_IMPLICIT_RETAIN_SELF = YES;
				CLANG_WARN_OBJC_LITERAL_CONVERSION = YES;
				CLANG_WARN_OBJC_ROOT_CLASS = YES_ERROR;
				CLANG_WARN_QUOTED_INCLUDE_IN_FRAMEWORK_HEADER = YES;
				CLANG_WARN_RANGE_LOOP_ANALYSIS = YES;
				CLANG_WARN_STRICT_PROTOTYPES = YES;
				CLANG_WARN_SUSPICIOUS_MOVE = YES;
				CLANG_WARN_UNGUARDED_AVAILABILITY = YES_AGGRESSIVE;
				CLANG_WARN_UNREACHABLE_CODE = YES;
				CLANG_WARN__DUPLICATE_METHOD_MATCH = YES;
				COPY_PHASE_STRIP = NO;
				DEBUG_INFORMATION_FORMAT = "dwarf-with-dsym";
				ENABLE_NS_ASSERTIONS = NO;
				ENABLE_STRICT_OBJC_MSGSEND = YES;
				GCC_C_LANGUAGE_STANDARD = gnu11;
				GCC_NO_COMMON_BLOCKS = YES;
				GCC_WARN_64_TO_32_BIT_CONVERSION = YES;
				GCC_WARN_ABOUT_RETURN_TYPE = YES_ERROR;
				GCC_WARN_UNDECLARED_SELECTOR = YES;
				GCC_WARN_UNINITIALIZED_AUTOS = YES_AGGRESSIVE;
				GCC_WARN_UNUSED_FUNCTION = YES;
				GCC_WARN_UNUSED_VARIABLE = YES;
				IPHONEOS_DEPLOYMENT_TARGET = 16.4;
				MTL_ENABLE_DEBUG_INFO = NO;
				MTL_FAST_MATH = YES;
				SDKROOT = iphoneos;
				SWIFT_COMPILATION_MODE = wholemodule;
				SWIFT_OPTIMIZATION_LEVEL = "-O";
				VALIDATE_PRODUCT = YES;
			};
			name = Release;
		};
		F306534D2A2DEA5500AEB416 /* Debug */ = {
			isa = XCBuildConfiguration;
			buildSettings = {
				ASSETCATALOG_COMPILER_APPICON_NAME = AppIcon;
				ASSETCATALOG_COMPILER_GLOBAL_ACCENT_COLOR_NAME = AccentColor;
				CODE_SIGN_STYLE = Automatic;
				CURRENT_PROJECT_VERSION = 1;
				DEVELOPMENT_ASSET_PATHS = "\"WanAndroid_SwiftUI/Preview Content\"";
				ENABLE_PREVIEWS = YES;
				GENERATE_INFOPLIST_FILE = YES;
				INFOPLIST_KEY_UIApplicationSceneManifest_Generation = YES;
				INFOPLIST_KEY_UIApplicationSupportsIndirectInputEvents = YES;
				INFOPLIST_KEY_UILaunchScreen_Generation = YES;
				INFOPLIST_KEY_UISupportedInterfaceOrientations_iPad = "UIInterfaceOrientationPortrait UIInterfaceOrientationPortraitUpsideDown UIInterfaceOrientationLandscapeLeft UIInterfaceOrientationLandscapeRight";
				INFOPLIST_KEY_UISupportedInterfaceOrientations_iPhone = "UIInterfaceOrientationPortrait UIInterfaceOrientationLandscapeLeft UIInterfaceOrientationLandscapeRight";
				IPHONEOS_DEPLOYMENT_TARGET = 16.0;
				LD_RUNPATH_SEARCH_PATHS = (
					"$(inherited)",
					"@executable_path/Frameworks",
				);
				MARKETING_VERSION = 1.0;
				PRODUCT_BUNDLE_IDENTIFIER = "com.pgzxc.WanAndroid-SwiftUI";
				PRODUCT_NAME = "$(TARGET_NAME)";
				SWIFT_EMIT_LOC_STRINGS = YES;
				SWIFT_VERSION = 5.0;
				TARGETED_DEVICE_FAMILY = "1,2";
			};
			name = Debug;
		};
		F306534E2A2DEA5500AEB416 /* Release */ = {
			isa = XCBuildConfiguration;
			buildSettings = {
				ASSETCATALOG_COMPILER_APPICON_NAME = AppIcon;
				ASSETCATALOG_COMPILER_GLOBAL_ACCENT_COLOR_NAME = AccentColor;
				CODE_SIGN_STYLE = Automatic;
				CURRENT_PROJECT_VERSION = 1;
				DEVELOPMENT_ASSET_PATHS = "\"WanAndroid_SwiftUI/Preview Content\"";
				ENABLE_PREVIEWS = YES;
				GENERATE_INFOPLIST_FILE = YES;
				INFOPLIST_KEY_UIApplicationSceneManifest_Generation = YES;
				INFOPLIST_KEY_UIApplicationSupportsIndirectInputEvents = YES;
				INFOPLIST_KEY_UILaunchScreen_Generation = YES;
				INFOPLIST_KEY_UISupportedInterfaceOrientations_iPad = "UIInterfaceOrientationPortrait UIInterfaceOrientationPortraitUpsideDown UIInterfaceOrientationLandscapeLeft UIInterfaceOrientationLandscapeRight";
				INFOPLIST_KEY_UISupportedInterfaceOrientations_iPhone = "UIInterfaceOrientationPortrait UIInterfaceOrientationLandscapeLeft UIInterfaceOrientationLandscapeRight";
				IPHONEOS_DEPLOYMENT_TARGET = 16.0;
				LD_RUNPATH_SEARCH_PATHS = (
					"$(inherited)",
					"@executable_path/Frameworks",
				);
				MARKETING_VERSION = 1.0;
				PRODUCT_BUNDLE_IDENTIFIER = "com.pgzxc.WanAndroid-SwiftUI";
				PRODUCT_NAME = "$(TARGET_NAME)";
				SWIFT_EMIT_LOC_STRINGS = YES;
				SWIFT_VERSION = 5.0;
				TARGETED_DEVICE_FAMILY = "1,2";
			};
			name = Release;
		};
/* End XCBuildConfiguration section */

/* Begin XCConfigurationList section */
		F30653392A2DEA5300AEB416 /* Build configuration list for PBXProject "WanAndroid_SwiftUI" */ = {
			isa = XCConfigurationList;
			buildConfigurations = (
				F306534A2A2DEA5500AEB416 /* Debug */,
				F306534B2A2DEA5500AEB416 /* Release */,
			);
			defaultConfigurationIsVisible = 0;
			defaultConfigurationName = Release;
		};
		F306534C2A2DEA5500AEB416 /* Build configuration list for PBXNativeTarget "WanAndroid_SwiftUI" */ = {
			isa = XCConfigurationList;
			buildConfigurations = (
				F306534D2A2DEA5500AEB416 /* Debug */,
				F306534E2A2DEA5500AEB416 /* Release */,
			);
			defaultConfigurationIsVisible = 0;
			defaultConfigurationName = Release;
		};
/* End XCConfigurationList section */
	};
	rootObject = F30653362A2DEA5300AEB416 /* Project object */;
}
